
Microsoft Visual Studio Solution File, Format Version 12.00
# Visual Studio 15
VisualStudioVersion = 15.0.27130.2010
MinimumVisualStudioVersion = 10.0.40219.1
Project("{FAE04EC0-301F-11D3-BF4B-00C04F79EFBC}") = "MyLMS", "MyLMS\MyLMS.csproj", "{CD555E24-9678-4244-B606-E0E1ED6BF7B0}"
EndProject
Project("{FAE04EC0-301F-11D3-BF4B-00C04F79EFBC}") = "BL", "BL\BL.csproj", "{2EBE8157-5F0A-40EC-A202-0EE255EA0386}"
EndProject
Project("{FAE04EC0-301F-11D3-BF4B-00C04F79EFBC}") = "Data", "Data\Data.csproj", "{9CF17662-1180-415F-8F57-8535BD56E4D4}"
EndProject
Project("{FAE04EC0-301F-11D3-BF4B-00C04F79EFBC}") = "Model", "Model\Model.csproj", "{5C027F13-CE78-4576-BF9C-06936885048C}"
EndProject
Project("{FAE04EC0-301F-11D3-BF4B-00C04F79EFBC}") = "BL.UnitTest", "BL.UnitTest\BL.UnitTest.csproj", "{7B9735BB-A2F3-4BE9-A0BF-3DB1FB0BFC7A}"
EndProject
Global
	GlobalSection(SolutionConfigurationPlatforms) = preSolution
		Debug|Any CPU = Debug|Any CPU
		Release|Any CPU = Release|Any CPU
	EndGlobalSection
	GlobalSection(ProjectConfigurationPlatforms) = postSolution
		{CD555E24-9678-4244-B606-E0E1ED6BF7B0}.Debug|Any CPU.ActiveCfg = Debug|Any CPU
		{CD555E24-9678-4244-B606-E0E1ED6BF7B0}.Debug|Any CPU.Build.0 = Debug|Any CPU
		{CD555E24-9678-4244-B606-E0E1ED6BF7B0}.Release|Any CPU.ActiveCfg = Release|Any CPU
		{CD555E24-9678-4244-B606-E0E1ED6BF7B0}.Release|Any CPU.Build.0 = Release|Any CPU
		{2EBE8157-5F0A-40EC-A202-0EE255EA0386}.Debug|Any CPU.ActiveCfg = Debug|Any CPU
		{2EBE8157-5F0A-40EC-A202-0EE255EA0386}.Debug|Any CPU.Build.0 = Debug|Any CPU
		{2EBE8157-5F0A-40EC-A202-0EE255EA0386}.Release|Any CPU.ActiveCfg = Release|Any CPU
		{2EBE8157-5F0A-40EC-A202-0EE255EA0386}.Release|Any CPU.Build.0 = Release|Any CPU
		{9CF17662-1180-415F-8F57-8535BD56E4D4}.Debug|Any CPU.ActiveCfg = Debug|Any CPU
		{9CF17662-1180-415F-8F57-8535BD56E4D4}.Debug|Any CPU.Build.0 = Debug|Any CPU
		{9CF17662-1180-415F-8F57-8535BD56E4D4}.Release|Any CPU.ActiveCfg = Release|Any CPU
		{9CF17662-1180-415F-8F57-8535BD56E4D4}.Release|Any CPU.Build.0 = Release|Any CPU
		{5C027F13-CE78-4576-BF9C-06936885048C}.Debug|Any CPU.ActiveCfg = Debug|Any CPU
		{5C027F13-CE78-4576-BF9C-06936885048C}.Debug|Any CPU.Build.0 = Debug|Any CPU
		{5C027F13-CE78-4576-BF9C-06936885048C}.Release|Any CPU.ActiveCfg = Release|Any CPU
		{5C027F13-CE78-4576-BF9C-06936885048C}.Release|Any CPU.Build.0 = Release|Any CPU
		{7B9735BB-A2F3-4BE9-A0BF-3DB1FB0BFC7A}.Debug|Any CPU.ActiveCfg = Debug|Any CPU
		{7B9735BB-A2F3-4BE9-A0BF-3DB1FB0BFC7A}.Debug|Any CPU.Build.0 = Debug|Any CPU
		{7B9735BB-A2F3-4BE9-A0BF-3DB1FB0BFC7A}.Release|Any CPU.ActiveCfg = Release|Any CPU
		{7B9735BB-A2F3-4BE9-A0BF-3DB1FB0BFC7A}.Release|Any CPU.Build.0 = Release|Any CPU
	EndGlobalSection
	GlobalSection(SolutionProperties) = preSolution
		HideSolutionNode = FALSE
	EndGlobalSection
	GlobalSection(ExtensibilityGlobals) = postSolution
		SolutionGuid = {E3AED573-E1FF-4CD9-8B2A-E5EEC7BE23E5}
	EndGlobalSection
EndGlobal
